
Microsoft Visual Studio Solution File, Format Version 12.00
# Visual Studio Version 17
VisualStudioVersion = 17.8.34525.116
MinimumVisualStudioVersion = 10.0.40219.1
Project("{F184B08F-C81C-45F6-A57F-5ABD9991F28F}") = "StockMate", "StockMate\StockMate.vbproj", "{9B86E982-419D-4387-8C63-30A76F8CA60F}"
EndProject
Global
	GlobalSection(SolutionConfigurationPlatforms) = preSolution
		Debug|Any CPU = Debug|Any CPU
		Release|Any CPU = Release|Any CPU
	EndGlobalSection
	GlobalSection(ProjectConfigurationPlatforms) = postSolution
		{9B86E982-419D-4387-8C63-30A76F8CA60F}.Debug|Any CPU.ActiveCfg = Debug|Any CPU
		{9B86E982-419D-4387-8C63-30A76F8CA60F}.Debug|Any CPU.Build.0 = Debug|Any CPU
		{9B86E982-419D-4387-8C63-30A76F8CA60F}.Release|Any CPU.ActiveCfg = Release|Any CPU
		{9B86E982-419D-4387-8C63-30A76F8CA60F}.Release|Any CPU.Build.0 = Release|Any CPU
	EndGlobalSection
	GlobalSection(SolutionProperties) = preSolution
		HideSolutionNode = FALSE
	EndGlobalSection
	GlobalSection(ExtensibilityGlobals) = postSolution
		SolutionGuid = {7A812160-2C83-44C1-B907-C2CF19FDDC7B}
	EndGlobalSection
EndGlobal
